
Microsoft Visual Studio Solution File, Format Version 12.00
# Visual Studio Version 17
VisualStudioVersion = 17.14.36616.10 d17.14
MinimumVisualStudioVersion = 10.0.40219.1
Project("{FAE04EC0-301F-11D3-BF4B-00C04F79EFBC}") = "Практическая№3_пм", "Практическая№3_пм\Практическая№3_пм.csproj", "{BC90D87F-13D1-445D-BCDD-347126B782A0}"
EndProject
Global
	GlobalSection(SolutionConfigurationPlatforms) = preSolution
		Debug|Any CPU = Debug|Any CPU
		Release|Any CPU = Release|Any CPU
	EndGlobalSection
	GlobalSection(ProjectConfigurationPlatforms) = postSolution
		{BC90D87F-13D1-445D-BCDD-347126B782A0}.Debug|Any CPU.ActiveCfg = Debug|Any CPU
		{BC90D87F-13D1-445D-BCDD-347126B782A0}.Debug|Any CPU.Build.0 = Debug|Any CPU
		{BC90D87F-13D1-445D-BCDD-347126B782A0}.Release|Any CPU.ActiveCfg = Release|Any CPU
		{BC90D87F-13D1-445D-BCDD-347126B782A0}.Release|Any CPU.Build.0 = Release|Any CPU
	EndGlobalSection
	GlobalSection(SolutionProperties) = preSolution
		HideSolutionNode = FALSE
	EndGlobalSection
	GlobalSection(ExtensibilityGlobals) = postSolution
		SolutionGuid = {AFCCBEC2-2347-4922-BCAE-3DF152AFD101}
	EndGlobalSection
EndGlobal
